
Microsoft Visual Studio Solution File, Format Version 12.00
# Visual Studio Version 17
VisualStudioVersion = 17.13.35931.197 d17.13
MinimumVisualStudioVersion = 10.0.40219.1
Project("{FAE04EC0-301F-11D3-BF4B-00C04F79EFBC}") = "RailwayTicketApp", "RailwayTicketApp\RailwayTicketApp.csproj", "{E25E82A7-A037-4301-8921-9A323239B20A}"
EndProject
Global
	GlobalSection(SolutionConfigurationPlatforms) = preSolution
		Debug|Any CPU = Debug|Any CPU
		Release|Any CPU = Release|Any CPU
	EndGlobalSection
	GlobalSection(ProjectConfigurationPlatforms) = postSolution
		{E25E82A7-A037-4301-8921-9A323239B20A}.Debug|Any CPU.ActiveCfg = Debug|Any CPU
		{E25E82A7-A037-4301-8921-9A323239B20A}.Debug|Any CPU.Build.0 = Debug|Any CPU
		{E25E82A7-A037-4301-8921-9A323239B20A}.Release|Any CPU.ActiveCfg = Release|Any CPU
		{E25E82A7-A037-4301-8921-9A323239B20A}.Release|Any CPU.Build.0 = Release|Any CPU
	EndGlobalSection
	GlobalSection(SolutionProperties) = preSolution
		HideSolutionNode = FALSE
	EndGlobalSection
	GlobalSection(ExtensibilityGlobals) = postSolution
		SolutionGuid = {4F0AA5DE-564C-466B-937F-2CD1753B6BA4}
	EndGlobalSection
EndGlobal
